
Microsoft Visual Studio Solution File, Format Version 12.00
# Visual Studio Version 16
VisualStudioVersion = 16.0.32428.217
MinimumVisualStudioVersion = 10.0.40219.1
Project("{FAE04EC0-301F-11D3-BF4B-00C04F79EFBC}") = "Plantilla_Forms", "Plantilla_Forms.csproj", "{56724105-7B20-46C8-8775-C61E4A20DA37}"
EndProject
Global
	GlobalSection(SolutionConfigurationPlatforms) = preSolution
		Debug|Any CPU = Debug|Any CPU
		Release|Any CPU = Release|Any CPU
	EndGlobalSection
	GlobalSection(ProjectConfigurationPlatforms) = postSolution
		{56724105-7B20-46C8-8775-C61E4A20DA37}.Debug|Any CPU.ActiveCfg = Debug|Any CPU
		{56724105-7B20-46C8-8775-C61E4A20DA37}.Debug|Any CPU.Build.0 = Debug|Any CPU
		{56724105-7B20-46C8-8775-C61E4A20DA37}.Release|Any CPU.ActiveCfg = Release|Any CPU
		{56724105-7B20-46C8-8775-C61E4A20DA37}.Release|Any CPU.Build.0 = Release|Any CPU
	EndGlobalSection
	GlobalSection(SolutionProperties) = preSolution
		HideSolutionNode = FALSE
	EndGlobalSection
	GlobalSection(ExtensibilityGlobals) = postSolution
		SolutionGuid = {A4FE9D15-9FDC-40E3-9FDF-89A36FF67BB8}
	EndGlobalSection
EndGlobal
